
Microsoft Visual Studio Solution File, Format Version 12.00
# Visual Studio Version 17
VisualStudioVersion = 17.2.32630.192
MinimumVisualStudioVersion = 10.0.40219.1
Project("{E53339B2-1760-4266-BCC7-CA923CBCF16C}") = "docker-compose", "docker-compose.dcproj", "{C2B5509F-5453-4E30-B4DD-7BDC6769086E}"
EndProject
Project("{9A19103F-16F7-4668-BE54-9A1E7A4F7556}") = "daprtestserviceone", "daprtestserviceone\daprtestserviceone.csproj", "{B4CB11AF-5A9C-4461-A76C-3CB61A631C13}"
EndProject
Project("{9A19103F-16F7-4668-BE54-9A1E7A4F7556}") = "daprtestservicetwo", "daprtestservicetwo\daprtestservicetwo.csproj", "{B68887B3-A703-4A89-88F3-57255B518CAE}"
EndProject
Project("{2150E333-8FDC-42A3-9474-1A3956D46DE8}") = "components", "components", "{653D217A-9DF3-429C-9FF3-96561084A1A5}"
EndProject
Project("{2150E333-8FDC-42A3-9474-1A3956D46DE8}") = "components", "components", "{49B17C35-F1B5-470B-B374-C938CE894C98}"
	ProjectSection(SolutionItems) = preProject
		components\components\pubsub.yaml = components\components\pubsub.yaml
		components\components\statestore.yaml = components\components\statestore.yaml
	EndProjectSection
EndProject
Project("{2150E333-8FDC-42A3-9474-1A3956D46DE8}") = "components-docker", "components-docker", "{FC4A89C6-E052-47AD-8700-013FE79E7947}"
	ProjectSection(SolutionItems) = preProject
		components\components-docker\pubsub.yaml = components\components-docker\pubsub.yaml
		components\components-docker\statestore.yaml = components\components-docker\statestore.yaml
	EndProjectSection
EndProject
Project("{2150E333-8FDC-42A3-9474-1A3956D46DE8}") = "components-docker-localstack", "components-docker-localstack", "{DF3D5819-DE48-4562-97F9-ED31A7AD7703}"
	ProjectSection(SolutionItems) = preProject
		components\components-docker-localstack\pubsub.yaml = components\components-docker-localstack\pubsub.yaml
		components\components-docker-localstack\statestore.yaml = components\components-docker-localstack\statestore.yaml
	EndProjectSection
EndProject
Project("{2150E333-8FDC-42A3-9474-1A3956D46DE8}") = "components-rabbitmq", "components-rabbitmq", "{7851EF3D-0980-4DEE-B9A9-D2E43CB49CAD}"
	ProjectSection(SolutionItems) = preProject
		components\components-rabbitmq\pubsub.yaml = components\components-rabbitmq\pubsub.yaml
		components\components-rabbitmq\statestore.yaml = components\components-rabbitmq\statestore.yaml
	EndProjectSection
EndProject
Project("{2150E333-8FDC-42A3-9474-1A3956D46DE8}") = "localstack", "localstack", "{C2CEC188-0CD8-4E7E-8E4E-46271631D602}"
	ProjectSection(SolutionItems) = preProject
		LocalStack.Setup\setup.sh = LocalStack.Setup\setup.sh
	EndProjectSection
EndProject
Global
	GlobalSection(SolutionConfigurationPlatforms) = preSolution
		Debug|Any CPU = Debug|Any CPU
		Release|Any CPU = Release|Any CPU
	EndGlobalSection
	GlobalSection(ProjectConfigurationPlatforms) = postSolution
		{C2B5509F-5453-4E30-B4DD-7BDC6769086E}.Debug|Any CPU.ActiveCfg = Debug|Any CPU
		{C2B5509F-5453-4E30-B4DD-7BDC6769086E}.Debug|Any CPU.Build.0 = Debug|Any CPU
		{C2B5509F-5453-4E30-B4DD-7BDC6769086E}.Release|Any CPU.ActiveCfg = Release|Any CPU
		{C2B5509F-5453-4E30-B4DD-7BDC6769086E}.Release|Any CPU.Build.0 = Release|Any CPU
		{B4CB11AF-5A9C-4461-A76C-3CB61A631C13}.Debug|Any CPU.ActiveCfg = Debug|Any CPU
		{B4CB11AF-5A9C-4461-A76C-3CB61A631C13}.Debug|Any CPU.Build.0 = Debug|Any CPU
		{B4CB11AF-5A9C-4461-A76C-3CB61A631C13}.Release|Any CPU.ActiveCfg = Release|Any CPU
		{B4CB11AF-5A9C-4461-A76C-3CB61A631C13}.Release|Any CPU.Build.0 = Release|Any CPU
		{B68887B3-A703-4A89-88F3-57255B518CAE}.Debug|Any CPU.ActiveCfg = Debug|Any CPU
		{B68887B3-A703-4A89-88F3-57255B518CAE}.Debug|Any CPU.Build.0 = Debug|Any CPU
		{B68887B3-A703-4A89-88F3-57255B518CAE}.Release|Any CPU.ActiveCfg = Release|Any CPU
		{B68887B3-A703-4A89-88F3-57255B518CAE}.Release|Any CPU.Build.0 = Release|Any CPU
	EndGlobalSection
	GlobalSection(SolutionProperties) = preSolution
		HideSolutionNode = FALSE
	EndGlobalSection
	GlobalSection(NestedProjects) = preSolution
		{49B17C35-F1B5-470B-B374-C938CE894C98} = {653D217A-9DF3-429C-9FF3-96561084A1A5}
		{FC4A89C6-E052-47AD-8700-013FE79E7947} = {653D217A-9DF3-429C-9FF3-96561084A1A5}
		{DF3D5819-DE48-4562-97F9-ED31A7AD7703} = {653D217A-9DF3-429C-9FF3-96561084A1A5}
		{7851EF3D-0980-4DEE-B9A9-D2E43CB49CAD} = {653D217A-9DF3-429C-9FF3-96561084A1A5}
	EndGlobalSection
	GlobalSection(ExtensibilityGlobals) = postSolution
		SolutionGuid = {1241D76B-C123-41E2-A45C-035C0478C20A}
	EndGlobalSection
EndGlobal
