
Microsoft Visual Studio Solution File, Format Version 12.00
# Visual Studio Version 17
VisualStudioVersion = 17.2.32616.157
MinimumVisualStudioVersion = 10.0.40219.1
Project("{9A19103F-16F7-4668-BE54-9A1E7A4F7556}") = "daprtestclient", "daprtestclient.csproj", "{BA0405F3-CC37-4937-9484-8F4CEE204A0B}"
EndProject
Global
	GlobalSection(SolutionConfigurationPlatforms) = preSolution
		Debug|Any CPU = Debug|Any CPU
		Release|Any CPU = Release|Any CPU
	EndGlobalSection
	GlobalSection(ProjectConfigurationPlatforms) = postSolution
		{BA0405F3-CC37-4937-9484-8F4CEE204A0B}.Debug|Any CPU.ActiveCfg = Debug|Any CPU
		{BA0405F3-CC37-4937-9484-8F4CEE204A0B}.Debug|Any CPU.Build.0 = Debug|Any CPU
		{BA0405F3-CC37-4937-9484-8F4CEE204A0B}.Release|Any CPU.ActiveCfg = Release|Any CPU
		{BA0405F3-CC37-4937-9484-8F4CEE204A0B}.Release|Any CPU.Build.0 = Release|Any CPU
	EndGlobalSection
	GlobalSection(SolutionProperties) = preSolution
		HideSolutionNode = FALSE
	EndGlobalSection
	GlobalSection(ExtensibilityGlobals) = postSolution
		SolutionGuid = {85E6CF55-F717-40AE-BF59-402896292050}
	EndGlobalSection
EndGlobal
